
Microsoft Visual Studio Solution File, Format Version 12.00
# Visual Studio Version 17
VisualStudioVersion = 17.8.34330.188
MinimumVisualStudioVersion = 10.0.40219.1
Project("{9A19103F-16F7-4668-BE54-9A1E7A4F7556}") = "FirstLessonHomework", "webtest\FirstLessonHomework.csproj", "{F1BE2160-56A0-4EF5-89E9-B06B9B759E70}"
EndProject
Global
	GlobalSection(SolutionConfigurationPlatforms) = preSolution
		Debug|Any CPU = Debug|Any CPU
		Release|Any CPU = Release|Any CPU
	EndGlobalSection
	GlobalSection(ProjectConfigurationPlatforms) = postSolution
		{F1BE2160-56A0-4EF5-89E9-B06B9B759E70}.Debug|Any CPU.ActiveCfg = Debug|Any CPU
		{F1BE2160-56A0-4EF5-89E9-B06B9B759E70}.Debug|Any CPU.Build.0 = Debug|Any CPU
		{F1BE2160-56A0-4EF5-89E9-B06B9B759E70}.Release|Any CPU.ActiveCfg = Release|Any CPU
		{F1BE2160-56A0-4EF5-89E9-B06B9B759E70}.Release|Any CPU.Build.0 = Release|Any CPU
	EndGlobalSection
	GlobalSection(SolutionProperties) = preSolution
		HideSolutionNode = FALSE
	EndGlobalSection
	GlobalSection(ExtensibilityGlobals) = postSolution
		SolutionGuid = {E40048E4-E3AD-464F-BF65-00F77A85360F}
	EndGlobalSection
EndGlobal
